schema: '2.0'
stages:
  features_credit:
    cmd: uv run python -m bankml.features.credit.pipeline
    deps:
    - path: configs/credit.yaml
      hash: md5
      md5: 140cd9d77a730350a6d69375507be8ac
      size: 3962
    - path: data/raw/credit
      hash: md5
      md5: dc758cb39cac8b2a03f93fa875ce9717.dir
      size: 2684263324
      nfiles: 18
    - path: src/bankml/features/credit
      hash: md5
      md5: e011f78e1817eeefa1558bce110edd7d.dir
      size: 28386
      nfiles: 8
    - path: src/bankml/splitting.py
      hash: md5
      md5: 4fb29d7600301e3fe48628770f472447
      size: 2983
    - path: src/bankml/validation/credit
      hash: md5
      md5: 7c5947ce3fa4c8bfff5c100ea83b32b2.dir
      size: 49904
      nfiles: 16
    outs:
    - path: data/processed/credit/features.parquet
      hash: md5
      md5: 8abba1fe6ddf0a0faae42f31817fa84b
      size: 19179979
