schema: '2.0'
stages:
  features_credit:
    cmd: uv run python -m bankml.features.credit.pipeline
    deps:
    - path: configs/credit.yaml
      hash: md5
      md5: dca642e9bf6f1612e24ddac514bd88af
      size: 4258
    - path: data/raw/credit
      hash: md5
      md5: dc758cb39cac8b2a03f93fa875ce9717.dir
      size: 2684263324
      nfiles: 18
    - path: src/bankml/features/credit
      hash: md5
      md5: e9c9106e50e41e66b310e62a281918ee.dir
      size: 18566
      nfiles: 5
    - path: src/bankml/splitting.py
      hash: md5
      md5: 4fb29d7600301e3fe48628770f472447
      size: 2983
    - path: src/bankml/validation/credit
      hash: md5
      md5: 6c0f4582665bfd7f9e8ccf5a22a34afd.dir
      size: 20406
      nfiles: 9
    outs:
    - path: data/processed/credit/features.parquet
      hash: md5
      md5: e87e2c4418d8ad718bd1a73ac1b73794
      size: 19179979
  features_fraud:
    cmd: uv run python -m bankml.features.fraud.pipeline
    deps:
    - path: configs/fraud.yaml
      hash: md5
      md5: bc6bca1c7443e506771f4d29b119520b
      size: 2877
    - path: data/raw/fraud
      hash: md5
      md5: 0f2ff942d8a7c0790dc01705ee1419b6.dir
      size: 501592732
      nfiles: 4
    - path: src/bankml/features/fraud
      hash: md5
      md5: 7963c4e11bde3951d2b8cdcf3a75ae4b.dir
      size: 10508
      nfiles: 4
    - path: src/bankml/splitting.py
      hash: md5
      md5: 4fb29d7600301e3fe48628770f472447
      size: 2983
    - path: src/bankml/validation/fraud
      hash: md5
      md5: 92f2b239806a382852899a30f503acf3.dir
      size: 1806
      nfiles: 2
    outs:
    - path: data/processed/fraud/features.parquet
      hash: md5
      md5: 7f9e43dfec6c27187c5f58742ec783d8
      size: 154709008
